
Microsoft Visual Studio Solution File, Format Version 12.00
# Visual Studio 15
Project("{FAE04EC0-301F-11D3-BF4B-00C04F79EFBC}") = "Assembly-CSharp", "Assembly-CSharp.csproj", "{73A1D3C1-82C5-1F8C-CEB7-2E1F0431CB88}"
EndProject
Project("{FAE04EC0-301F-11D3-BF4B-00C04F79EFBC}") = "Assembly-CSharp-Editor", "Assembly-CSharp-Editor.csproj", "{3F5D5849-E807-BB1D-2EB4-804B3170FCCA}"
EndProject
Global
	GlobalSection(SolutionConfigurationPlatforms) = preSolution
		Debug|Any CPU = Debug|Any CPU
		Release|Any CPU = Release|Any CPU
	EndGlobalSection
	GlobalSection(ProjectConfigurationPlatforms) = postSolution
		{73A1D3C1-82C5-1F8C-CEB7-2E1F0431CB88}.Debug|Any CPU.ActiveCfg = Debug|Any CPU
		{73A1D3C1-82C5-1F8C-CEB7-2E1F0431CB88}.Debug|Any CPU.Build.0 = Debug|Any CPU
		{73A1D3C1-82C5-1F8C-CEB7-2E1F0431CB88}.Release|Any CPU.ActiveCfg = Release|Any CPU
		{73A1D3C1-82C5-1F8C-CEB7-2E1F0431CB88}.Release|Any CPU.Build.0 = Release|Any CPU
		{3F5D5849-E807-BB1D-2EB4-804B3170FCCA}.Debug|Any CPU.ActiveCfg = Debug|Any CPU
		{3F5D5849-E807-BB1D-2EB4-804B3170FCCA}.Debug|Any CPU.Build.0 = Debug|Any CPU
		{3F5D5849-E807-BB1D-2EB4-804B3170FCCA}.Release|Any CPU.ActiveCfg = Release|Any CPU
		{3F5D5849-E807-BB1D-2EB4-804B3170FCCA}.Release|Any CPU.Build.0 = Release|Any CPU
	EndGlobalSection
	GlobalSection(SolutionProperties) = preSolution
		HideSolutionNode = FALSE
	EndGlobalSection
EndGlobal
